// !$*UTF8*$!
{
	archiveVersion = 1;
	classes = {
	};
	objectVersion = 50;
	objects = {

/* Begin PBXBuildFile section */
		021DE802210664CE000F4B21 /* MeVC.swift in Sources */ = {isa = PBXBuildFile; fileRef = 021DE801210664CE000F4B21 /* MeVC.swift */; };
		021DE80421066919000F4B21 /* CreatePostVC.swift in Sources */ = {isa = PBXBuildFile; fileRef = 021DE80321066919000F4B21 /* CreatePostVC.swift */; };
		021DE80621066C7E000F4B21 /* UIViewExt.swift in Sources */ = {isa = PBXBuildFile; fileRef = 021DE80521066C7E000F4B21 /* UIViewExt.swift */; };
		021DE80821067876000F4B21 /* Message.swift in Sources */ = {isa = PBXBuildFile; fileRef = 021DE80721067876000F4B21 /* Message.swift */; };
		021DE80A21067CBC000F4B21 /* FeedCell.swift in Sources */ = {isa = PBXBuildFile; fileRef = 021DE80921067CBC000F4B21 /* FeedCell.swift */; };
		024F4426210787550029BEFC /* GroupsCell.swift in Sources */ = {isa = PBXBuildFile; fileRef = 024F4425210787550029BEFC /* GroupsCell.swift */; };
		024F44282107B5350029BEFC /* MessageService.swift in Sources */ = {isa = PBXBuildFile; fileRef = 024F44272107B5350029BEFC /* MessageService.swift */; };
		024F442A2107B8910029BEFC /* Group.swift in Sources */ = {isa = PBXBuildFile; fileRef = 024F44292107B8910029BEFC /* Group.swift */; };
		024F442C21082F440029BEFC /* ContactsCell.swift in Sources */ = {isa = PBXBuildFile; fileRef = 024F442B21082F440029BEFC /* ContactsCell.swift */; };
		024F4432210841B80029BEFC /* CreateGroupVC.swift in Sources */ = {isa = PBXBuildFile; fileRef = 024F4431210841B80029BEFC /* CreateGroupVC.swift */; };
		02640A6321027F1500343E87 /* AppDelegate.swift in Sources */ = {isa = PBXBuildFile; fileRef = 02640A6221027F1500343E87 /* AppDelegate.swift */; };
		02640A6521027F1500343E87 /* FeedVC.swift in Sources */ = {isa = PBXBuildFile; fileRef = 02640A6421027F1500343E87 /* FeedVC.swift */; };
		02640A6721027F1500343E87 /* GroupsVC.swift in Sources */ = {isa = PBXBuildFile; fileRef = 02640A6621027F1500343E87 /* GroupsVC.swift */; };
		02640A6A21027F1500343E87 /* Main.storyboard in Resources */ = {isa = PBXBuildFile; fileRef = 02640A6821027F1500343E87 /* Main.storyboard */; };
		02640A6F21027F1700343E87 /* LaunchScreen.storyboard in Resources */ = {isa = PBXBuildFile; fileRef = 02640A6D21027F1700343E87 /* LaunchScreen.storyboard */; };
		02640A7D2102815100343E87 /* GoogleService-Info.plist in Resources */ = {isa = PBXBuildFile; fileRef = 02640A7C2102815100343E87 /* GoogleService-Info.plist */; };
		02640A7F210283A500343E87 /* UserDataService.swift in Sources */ = {isa = PBXBuildFile; fileRef = 02640A7E210283A500343E87 /* UserDataService.swift */; };
		02640A81210283EE00343E87 /* Constants.swift in Sources */ = {isa = PBXBuildFile; fileRef = 02640A80210283EE00343E87 /* Constants.swift */; };
		02640A832102879000343E87 /* Assets.xcassets in Resources */ = {isa = PBXBuildFile; fileRef = 02640A822102879000343E87 /* Assets.xcassets */; };
		02640A852102915B00343E87 /* LoginVC.swift in Sources */ = {isa = PBXBuildFile; fileRef = 02640A842102915B00343E87 /* LoginVC.swift */; };
		02640A872102916900343E87 /* LoginByEmailVC.swift in Sources */ = {isa = PBXBuildFile; fileRef = 02640A862102916900343E87 /* LoginByEmailVC.swift */; };
		02640A892102977F00343E87 /* InsetTextField.swift in Sources */ = {isa = PBXBuildFile; fileRef = 02640A882102977F00343E87 /* InsetTextField.swift */; };
		02640A8B21029B5600343E87 /* ShadowView.swift in Sources */ = {isa = PBXBuildFile; fileRef = 02640A8A21029B5600343E87 /* ShadowView.swift */; };
		02640A8D21029D0C00343E87 /* AuthService.swift in Sources */ = {isa = PBXBuildFile; fileRef = 02640A8C21029D0C00343E87 /* AuthService.swift */; };
		57A7349A1F2FC5BB76250E8D /* Pods_break_point.framework in Frameworks */ = {isa = PBXBuildFile; fileRef = 63A7BE04A3B267FC315636CE /* Pods_break_point.framework */; };
/* End PBXBuildFile section */

/* Begin PBXFileReference section */
		021DE801210664CE000F4B21 /* MeVC.swift */ = {isa = PBXFileReference; lastKnownFileType = sourcecode.swift; path = MeVC.swift; sourceTree = "<group>"; };
		021DE80321066919000F4B21 /* CreatePostVC.swift */ = {isa = PBXFileReference; lastKnownFileType = sourcecode.swift; path = CreatePostVC.swift; sourceTree = "<group>"; };
		021DE80521066C7E000F4B21 /* UIViewExt.swift */ = {isa = PBXFileReference; lastKnownFileType = sourcecode.swift; path = UIViewExt.swift; sourceTree = "<group>"; };
		021DE80721067876000F4B21 /* Message.swift */ = {isa = PBXFileReference; lastKnownFileType = sourcecode.swift; path = Message.swift; sourceTree = "<group>"; };
		021DE80921067CBC000F4B21 /* FeedCell.swift */ = {isa = PBXFileReference; lastKnownFileType = sourcecode.swift; path = FeedCell.swift; sourceTree = "<group>"; };
		024F4425210787550029BEFC /* GroupsCell.swift */ = {isa = PBXFileReference; lastKnownFileType = sourcecode.swift; path = GroupsCell.swift; sourceTree = "<group>"; };
		024F44272107B5350029BEFC /* MessageService.swift */ = {isa = PBXFileReference; lastKnownFileType = sourcecode.swift; path = MessageService.swift; sourceTree = "<group>"; };
		024F44292107B8910029BEFC /* Group.swift */ = {isa = PBXFileReference; lastKnownFileType = sourcecode.swift; path = Group.swift; sourceTree = "<group>"; };
		024F442B21082F440029BEFC /* ContactsCell.swift */ = {isa = PBXFileReference; lastKnownFileType = sourcecode.swift; path = ContactsCell.swift; sourceTree = "<group>"; };
		024F4431210841B80029BEFC /* CreateGroupVC.swift */ = {isa = PBXFileReference; fileEncoding = 4; lastKnownFileType = sourcecode.swift; path = CreateGroupVC.swift; sourceTree = "<group>"; };
		02640A5F21027F1500343E87 /* break-point.app */ = {isa = PBXFileReference; explicitFileType = wrapper.application; includeInIndex = 0; path = "break-point.app"; sourceTree = BUILT_PRODUCTS_DIR; };
		02640A6221027F1500343E87 /* AppDelegate.swift */ = {isa = PBXFileReference; lastKnownFileType = sourcecode.swift; path = AppDelegate.swift; sourceTree = "<group>"; };
		02640A6421027F1500343E87 /* FeedVC.swift */ = {isa = PBXFileReference; lastKnownFileType = sourcecode.swift; path = FeedVC.swift; sourceTree = "<group>"; };
		02640A6621027F1500343E87 /* GroupsVC.swift */ = {isa = PBXFileReference; lastKnownFileType = sourcecode.swift; path = GroupsVC.swift; sourceTree = "<group>"; };
		02640A6921027F1500343E87 /* Base */ = {isa = PBXFileReference; lastKnownFileType = file.storyboard; name = Base; path = Base.lproj/Main.storyboard; sourceTree = "<group>"; };
		02640A6E21027F1700343E87 /* Base */ = {isa = PBXFileReference; lastKnownFileType = file.storyboard; name = Base; path = Base.lproj/LaunchScreen.storyboard; sourceTree = "<group>"; };
		02640A7021027F1700343E87 /* Info.plist */ = {isa = PBXFileReference; lastKnownFileType = text.plist.xml; path = Info.plist; sourceTree = "<group>"; };
		02640A7C2102815100343E87 /* GoogleService-Info.plist */ = {isa = PBXFileReference; fileEncoding = 4; lastKnownFileType = text.plist.xml; path = "GoogleService-Info.plist"; sourceTree = "<group>"; };
		02640A7E210283A500343E87 /* UserDataService.swift */ = {isa = PBXFileReference; lastKnownFileType = sourcecode.swift; path = UserDataService.swift; sourceTree = "<group>"; };
		02640A80210283EE00343E87 /* Constants.swift */ = {isa = PBXFileReference; lastKnownFileType = sourcecode.swift; path = Constants.swift; sourceTree = "<group>"; };
		02640A822102879000343E87 /* Assets.xcassets */ = {isa = PBXFileReference; lastKnownFileType = folder.assetcatalog; path = Assets.xcassets; sourceTree = "<group>"; };
		02640A842102915B00343E87 /* LoginVC.swift */ = {isa = PBXFileReference; lastKnownFileType = sourcecode.swift; path = LoginVC.swift; sourceTree = "<group>"; };
		02640A862102916900343E87 /* LoginByEmailVC.swift */ = {isa = PBXFileReference; lastKnownFileType = sourcecode.swift; path = LoginByEmailVC.swift; sourceTree = "<group>"; };
		02640A882102977F00343E87 /* InsetTextField.swift */ = {isa = PBXFileReference; lastKnownFileType = sourcecode.swift; path = InsetTextField.swift; sourceTree = "<group>"; };
		02640A8A21029B5600343E87 /* ShadowView.swift */ = {isa = PBXFileReference; lastKnownFileType = sourcecode.swift; path = ShadowView.swift; sourceTree = "<group>"; };
		02640A8C21029D0C00343E87 /* AuthService.swift */ = {isa = PBXFileReference; lastKnownFileType = sourcecode.swift; path = AuthService.swift; sourceTree = "<group>"; };
		63A7BE04A3B267FC315636CE /* Pods_break_point.framework */ = {isa = PBXFileReference; explicitFileType = wrapper.framework; includeInIndex = 0; path = Pods_break_point.framework; sourceTree = BUILT_PRODUCTS_DIR; };
		87733A2AC4BA8BC5F6F7F586 /* Pods-break-point.release.xcconfig */ = {isa = PBXFileReference; includeInIndex = 1; lastKnownFileType = text.xcconfig; name = "Pods-break-point.release.xcconfig"; path = "Pods/Target Support Files/Pods-break-point/Pods-break-point.release.xcconfig"; sourceTree = "<group>"; };
		E67F3DA3C340294C07538C50 /* Pods-break-point.debug.xcconfig */ = {isa = PBXFileReference; includeInIndex = 1; lastKnownFileType = text.xcconfig; name = "Pods-break-point.debug.xcconfig"; path = "Pods/Target Support Files/Pods-break-point/Pods-break-point.debug.xcconfig"; sourceTree = "<group>"; };
/* End PBXFileReference section */

/* Begin PBXFrameworksBuildPhase section */
		02640A5C21027F1500343E87 /* Frameworks */ = {
			isa = PBXFrameworksBuildPhase;
			buildActionMask = 2147483647;
			files = (
				57A7349A1F2FC5BB76250E8D /* Pods_break_point.framework in Frameworks */,
			);
			runOnlyForDeploymentPostprocessing = 0;
		};
/* End PBXFrameworksBuildPhase section */

/* Begin PBXGroup section */
		02640A5621027F1500343E87 = {
			isa = PBXGroup;
			children = (
				02640A6121027F1500343E87 /* break-point */,
				02640A6021027F1500343E87 /* Products */,
				A5C4EC4A410894D2268248B3 /* Pods */,
				F12DFE5EC7C4A9528FE94368 /* Frameworks */,
			);
			sourceTree = "<group>";
		};
		02640A6021027F1500343E87 /* Products */ = {
			isa = PBXGroup;
			children = (
				02640A5F21027F1500343E87 /* break-point.app */,
			);
			name = Products;
			sourceTree = "<group>";
		};
		02640A6121027F1500343E87 /* break-point */ = {
			isa = PBXGroup;
			children = (
				02640A7B2102800500343E87 /* Extensions */,
				02640A7A21027FFD00343E87 /* Services */,
				02640A7921027FF700343E87 /* Utilities */,
				02640A7821027FDE00343E87 /* Model */,
				02640A7721027FDA00343E87 /* View */,
				02640A7621027FCF00343E87 /* Controller */,
				02640A6221027F1500343E87 /* AppDelegate.swift */,
				02640A6821027F1500343E87 /* Main.storyboard */,
				02640A822102879000343E87 /* Assets.xcassets */,
				02640A6D21027F1700343E87 /* LaunchScreen.storyboard */,
				02640A7021027F1700343E87 /* Info.plist */,
				02640A7C2102815100343E87 /* GoogleService-Info.plist */,
			);
			path = "break-point";
			sourceTree = "<group>";
		};
		02640A7621027FCF00343E87 /* Controller */ = {
			isa = PBXGroup;
			children = (
				02640A6421027F1500343E87 /* FeedVC.swift */,
				02640A6621027F1500343E87 /* GroupsVC.swift */,
				02640A842102915B00343E87 /* LoginVC.swift */,
				02640A862102916900343E87 /* LoginByEmailVC.swift */,
				021DE801210664CE000F4B21 /* MeVC.swift */,
				021DE80321066919000F4B21 /* CreatePostVC.swift */,
				024F4431210841B80029BEFC /* CreateGroupVC.swift */,
			);
			path = Controller;
			sourceTree = "<group>";
		};
		02640A7721027FDA00343E87 /* View */ = {
			isa = PBXGroup;
			children = (
				02640A882102977F00343E87 /* InsetTextField.swift */,
				02640A8A21029B5600343E87 /* ShadowView.swift */,
				021DE80921067CBC000F4B21 /* FeedCell.swift */,
				024F4425210787550029BEFC /* GroupsCell.swift */,
				024F442B21082F440029BEFC /* ContactsCell.swift */,
			);
			path = View;
			sourceTree = "<group>";
		};
		02640A7821027FDE00343E87 /* Model */ = {
			isa = PBXGroup;
			children = (
				021DE80721067876000F4B21 /* Message.swift */,
				024F44292107B8910029BEFC /* Group.swift */,
			);
			path = Model;
			sourceTree = "<group>";
		};
		02640A7921027FF700343E87 /* Utilities */ = {
			isa = PBXGroup;
			children = (
				02640A80210283EE00343E87 /* Constants.swift */,
			);
			path = Utilities;
			sourceTree = "<group>";
		};
		02640A7A21027FFD00343E87 /* Services */ = {
			isa = PBXGroup;
			children = (
				02640A8C21029D0C00343E87 /* AuthService.swift */,
				02640A7E210283A500343E87 /* UserDataService.swift */,
				024F44272107B5350029BEFC /* MessageService.swift */,
			);
			path = Services;
			sourceTree = "<group>";
		};
		02640A7B2102800500343E87 /* Extensions */ = {
			isa = PBXGroup;
			children = (
				021DE80521066C7E000F4B21 /* UIViewExt.swift */,
			);
			path = Extensions;
			sourceTree = "<group>";
		};
		A5C4EC4A410894D2268248B3 /* Pods */ = {
			isa = PBXGroup;
			children = (
				E67F3DA3C340294C07538C50 /* Pods-break-point.debug.xcconfig */,
				87733A2AC4BA8BC5F6F7F586 /* Pods-break-point.release.xcconfig */,
			);
			name = Pods;
			sourceTree = "<group>";
		};
		F12DFE5EC7C4A9528FE94368 /* Frameworks */ = {
			isa = PBXGroup;
			children = (
				63A7BE04A3B267FC315636CE /* Pods_break_point.framework */,
			);
			name = Frameworks;
			sourceTree = "<group>";
		};
/* End PBXGroup section */

/* Begin PBXNativeTarget section */
		02640A5E21027F1500343E87 /* break-point */ = {
			isa = PBXNativeTarget;
			buildConfigurationList = 02640A7321027F1700343E87 /* Build configuration list for PBXNativeTarget "break-point" */;
			buildPhases = (
				F9639A4445B2903DF4ECB715 /* [CP] Check Pods Manifest.lock */,
				02640A5B21027F1500343E87 /* Sources */,
				02640A5C21027F1500343E87 /* Frameworks */,
				02640A5D21027F1500343E87 /* Resources */,
				8FDE1BB1476444B1B0A852FC /* [CP] Embed Pods Frameworks */,
			);
			buildRules = (
			);
			dependencies = (
			);
			name = "break-point";
			productName = "break-point";
			productReference = 02640A5F21027F1500343E87 /* break-point.app */;
			productType = "com.apple.product-type.application";
		};
/* End PBXNativeTarget section */

/* Begin PBXProject section */
		02640A5721027F1500343E87 /* Project object */ = {
			isa = PBXProject;
			attributes = {
				LastSwiftUpdateCheck = 0940;
				LastUpgradeCheck = 0940;
				ORGANIZATIONNAME = "Gurpal Bhoot";
				TargetAttributes = {
					02640A5E21027F1500343E87 = {
						CreatedOnToolsVersion = 9.4.1;
					};
				};
			};
			buildConfigurationList = 02640A5A21027F1500343E87 /* Build configuration list for PBXProject "break-point" */;
			compatibilityVersion = "Xcode 9.3";
			developmentRegion = en;
			hasScannedForEncodings = 0;
			knownRegions = (
				en,
				Base,
			);
			mainGroup = 02640A5621027F1500343E87;
			productRefGroup = 02640A6021027F1500343E87 /* Products */;
			projectDirPath = "";
			projectRoot = "";
			targets = (
				02640A5E21027F1500343E87 /* break-point */,
			);
		};
/* End PBXProject section */

/* Begin PBXResourcesBuildPhase section */
		02640A5D21027F1500343E87 /* Resources */ = {
			isa = PBXResourcesBuildPhase;
			buildActionMask = 2147483647;
			files = (
				02640A6F21027F1700343E87 /* LaunchScreen.storyboard in Resources */,
				02640A7D2102815100343E87 /* GoogleService-Info.plist in Resources */,
				02640A832102879000343E87 /* Assets.xcassets in Resources */,
				02640A6A21027F1500343E87 /* Main.storyboard in Resources */,
			);
			runOnlyForDeploymentPostprocessing = 0;
		};
/* End PBXResourcesBuildPhase section */

/* Begin PBXShellScriptBuildPhase section */
		8FDE1BB1476444B1B0A852FC /* [CP] Embed Pods Frameworks */ = {
			isa = PBXShellScriptBuildPhase;
			buildActionMask = 2147483647;
			files = (
			);
			inputPaths = (
				"${SRCROOT}/Pods/Target Support Files/Pods-break-point/Pods-break-point-frameworks.sh",
				"${BUILT_PRODUCTS_DIR}/GTMSessionFetcher/GTMSessionFetcher.framework",
				"${BUILT_PRODUCTS_DIR}/GoogleToolboxForMac/GoogleToolboxForMac.framework",
				"${BUILT_PRODUCTS_DIR}/leveldb-library/leveldb.framework",
				"${BUILT_PRODUCTS_DIR}/nanopb/nanopb.framework",
			);
			name = "[CP] Embed Pods Frameworks";
			outputPaths = (
				"${TARGET_BUILD_DIR}/${FRAMEWORKS_FOLDER_PATH}/GTMSessionFetcher.framework",
				"${TARGET_BUILD_DIR}/${FRAMEWORKS_FOLDER_PATH}/GoogleToolboxForMac.framework",
				"${TARGET_BUILD_DIR}/${FRAMEWORKS_FOLDER_PATH}/leveldb.framework",
				"${TARGET_BUILD_DIR}/${FRAMEWORKS_FOLDER_PATH}/nanopb.framework",
			);
			runOnlyForDeploymentPostprocessing = 0;
			shellPath = /bin/sh;
			shellScript = "\"${SRCROOT}/Pods/Target Support Files/Pods-break-point/Pods-break-point-frameworks.sh\"\n";
			showEnvVarsInLog = 0;
		};
		F9639A4445B2903DF4ECB715 /* [CP] Check Pods Manifest.lock */ = {
			isa = PBXShellScriptBuildPhase;
			buildActionMask = 2147483647;
			files = (
			);
			inputPaths = (
				"${PODS_PODFILE_DIR_PATH}/Podfile.lock",
				"${PODS_ROOT}/Manifest.lock",
			);
			name = "[CP] Check Pods Manifest.lock";
			outputPaths = (
				"$(DERIVED_FILE_DIR)/Pods-break-point-checkManifestLockResult.txt",
			);
			runOnlyForDeploymentPostprocessing = 0;
			shellPath = /bin/sh;
			shellScript = "diff \"${PODS_PODFILE_DIR_PATH}/Podfile.lock\" \"${PODS_ROOT}/Manifest.lock\" > /dev/null\nif [ $? != 0 ] ; then\n    # print error to STDERR\n    echo \"error: The sandbox is not in sync with the Podfile.lock. Run 'pod install' or update your CocoaPods installation.\" >&2\n    exit 1\nfi\n# This output is used by Xcode 'outputs' to avoid re-running this script phase.\necho \"SUCCESS\" > \"${SCRIPT_OUTPUT_FILE_0}\"\n";
			showEnvVarsInLog = 0;
		};
/* End PBXShellScriptBuildPhase section */

/* Begin PBXSourcesBuildPhase section */
		02640A5B21027F1500343E87 /* Sources */ = {
			isa = PBXSourcesBuildPhase;
			buildActionMask = 2147483647;
			files = (
				021DE80621066C7E000F4B21 /* UIViewExt.swift in Sources */,
				02640A8B21029B5600343E87 /* ShadowView.swift in Sources */,
				02640A872102916900343E87 /* LoginByEmailVC.swift in Sources */,
				02640A81210283EE00343E87 /* Constants.swift in Sources */,
				02640A6721027F1500343E87 /* GroupsVC.swift in Sources */,
				02640A892102977F00343E87 /* InsetTextField.swift in Sources */,
				024F44282107B5350029BEFC /* MessageService.swift in Sources */,
				02640A852102915B00343E87 /* LoginVC.swift in Sources */,
				024F4432210841B80029BEFC /* CreateGroupVC.swift in Sources */,
				02640A6321027F1500343E87 /* AppDelegate.swift in Sources */,
				024F442A2107B8910029BEFC /* Group.swift in Sources */,
				02640A8D21029D0C00343E87 /* AuthService.swift in Sources */,
				021DE80421066919000F4B21 /* CreatePostVC.swift in Sources */,
				021DE802210664CE000F4B21 /* MeVC.swift in Sources */,
				024F442C21082F440029BEFC /* ContactsCell.swift in Sources */,
				024F4426210787550029BEFC /* GroupsCell.swift in Sources */,
				021DE80A21067CBC000F4B21 /* FeedCell.swift in Sources */,
				02640A6521027F1500343E87 /* FeedVC.swift in Sources */,
				02640A7F210283A500343E87 /* UserDataService.swift in Sources */,
				021DE80821067876000F4B21 /* Message.swift in Sources */,
			);
			runOnlyForDeploymentPostprocessing = 0;
		};
/* End PBXSourcesBuildPhase section */

/* Begin PBXVariantGroup section */
		02640A6821027F1500343E87 /* Main.storyboard */ = {
			isa = PBXVariantGroup;
			children = (
				02640A6921027F1500343E87 /* Base */,
			);
			name = Main.storyboard;
			sourceTree = "<group>";
		};
		02640A6D21027F1700343E87 /* LaunchScreen.storyboard */ = {
			isa = PBXVariantGroup;
			children = (
				02640A6E21027F1700343E87 /* Base */,
			);
			name = LaunchScreen.storyboard;
			sourceTree = "<group>";
		};
/* End PBXVariantGroup section */

/* Begin XCBuildConfiguration section */
		02640A7121027F1700343E87 /* Debug */ = {
			isa = XCBuildConfiguration;
			buildSettings = {
				ALWAYS_SEARCH_USER_PATHS = NO;
				CLANG_ANALYZER_NONNULL = YES;
				CLANG_ANALYZER_NUMBER_OBJECT_CONVERSION = YES_AGGRESSIVE;
				CLANG_CXX_LANGUAGE_STANDARD = "gnu++14";
				CLANG_CXX_LIBRARY = "libc++";
				CLANG_ENABLE_MODULES = YES;
				CLANG_ENABLE_OBJC_ARC = YES;
				CLANG_ENABLE_OBJC_WEAK = YES;
				CLANG_WARN_BLOCK_CAPTURE_AUTORELEASING = YES;
				CLANG_WARN_BOOL_CONVERSION = YES;
				CLANG_WARN_COMMA = YES;
				CLANG_WARN_CONSTANT_CONVERSION = YES;
				CLANG_WARN_DEPRECATED_OBJC_IMPLEMENTATIONS = YES;
				CLANG_WARN_DIRECT_OBJC_ISA_USAGE = YES_ERROR;
				CLANG_WARN_DOCUMENTATION_COMMENTS = YES;
				CLANG_WARN_EMPTY_BODY = YES;
				CLANG_WARN_ENUM_CONVERSION = YES;
				CLANG_WARN_INFINITE_RECURSION = YES;
				CLANG_WARN_INT_CONVERSION = YES;
				CLANG_WARN_NON_LITERAL_NULL_CONVERSION = YES;
				CLANG_WARN_OBJC_IMPLICIT_RETAIN_SELF = YES;
				CLANG_WARN_OBJC_LITERAL_CONVERSION = YES;
				CLANG_WARN_OBJC_ROOT_CLASS = YES_ERROR;
				CLANG_WARN_RANGE_LOOP_ANALYSIS = YES;
				CLANG_WARN_STRICT_PROTOTYPES = YES;
				CLANG_WARN_SUSPICIOUS_MOVE = YES;
				CLANG_WARN_UNGUARDED_AVAILABILITY = YES_AGGRESSIVE;
				CLANG_WARN_UNREACHABLE_CODE = YES;
				CLANG_WARN__DUPLICATE_METHOD_MATCH = YES;
				CODE_SIGN_IDENTITY = "iPhone Developer";
				COPY_PHASE_STRIP = NO;
				DEBUG_INFORMATION_FORMAT = dwarf;
				ENABLE_STRICT_OBJC_MSGSEND = YES;
				ENABLE_TESTABILITY = YES;
				GCC_C_LANGUAGE_STANDARD = gnu11;
				GCC_DYNAMIC_NO_PIC = NO;
				GCC_NO_COMMON_BLOCKS = YES;
				GCC_OPTIMIZATION_LEVEL = 0;
				GCC_PREPROCESSOR_DEFINITIONS = (
					"DEBUG=1",
					"$(inherited)",
				);
				GCC_WARN_64_TO_32_BIT_CONVERSION = YES;
				GCC_WARN_ABOUT_RETURN_TYPE = YES_ERROR;
				GCC_WARN_UNDECLARED_SELECTOR = YES;
				GCC_WARN_UNINITIALIZED_AUTOS = YES_AGGRESSIVE;
				GCC_WARN_UNUSED_FUNCTION = YES;
				GCC_WARN_UNUSED_VARIABLE = YES;
				IPHONEOS_DEPLOYMENT_TARGET = 11.4;
				MTL_ENABLE_DEBUG_INFO = YES;
				ONLY_ACTIVE_ARCH = YES;
				SDKROOT = iphoneos;
				SWIFT_ACTIVE_COMPILATION_CONDITIONS = DEBUG;
				SWIFT_OPTIMIZATION_LEVEL = "-Onone";
			};
			name = Debug;
		};
		02640A7221027F1700343E87 /* Release */ = {
			isa = XCBuildConfiguration;
			buildSettings = {
				ALWAYS_SEARCH_USER_PATHS = NO;
				CLANG_ANALYZER_NONNULL = YES;
				CLANG_ANALYZER_NUMBER_OBJECT_CONVERSION = YES_AGGRESSIVE;
				CLANG_CXX_LANGUAGE_STANDARD = "gnu++14";
				CLANG_CXX_LIBRARY = "libc++";
				CLANG_ENABLE_MODULES = YES;
				CLANG_ENABLE_OBJC_ARC = YES;
				CLANG_ENABLE_OBJC_WEAK = YES;
				CLANG_WARN_BLOCK_CAPTURE_AUTORELEASING = YES;
				CLANG_WARN_BOOL_CONVERSION = YES;
				CLANG_WARN_COMMA = YES;
				CLANG_WARN_CONSTANT_CONVERSION = YES;
				CLANG_WARN_DEPRECATED_OBJC_IMPLEMENTATIONS = YES;
				CLANG_WARN_DIRECT_OBJC_ISA_USAGE = YES_ERROR;
				CLANG_WARN_DOCUMENTATION_COMMENTS = YES;
				CLANG_WARN_EMPTY_BODY = YES;
				CLANG_WARN_ENUM_CONVERSION = YES;
				CLANG_WARN_INFINITE_RECURSION = YES;
				CLANG_WARN_INT_CONVERSION = YES;
				CLANG_WARN_NON_LITERAL_NULL_CONVERSION = YES;
				CLANG_WARN_OBJC_IMPLICIT_RETAIN_SELF = YES;
				CLANG_WARN_OBJC_LITERAL_CONVERSION = YES;
				CLANG_WARN_OBJC_ROOT_CLASS = YES_ERROR;
				CLANG_WARN_RANGE_LOOP_ANALYSIS = YES;
				CLANG_WARN_STRICT_PROTOTYPES = YES;
				CLANG_WARN_SUSPICIOUS_MOVE = YES;
				CLANG_WARN_UNGUARDED_AVAILABILITY = YES_AGGRESSIVE;
				CLANG_WARN_UNREACHABLE_CODE = YES;
				CLANG_WARN__DUPLICATE_METHOD_MATCH = YES;
				CODE_SIGN_IDENTITY = "iPhone Developer";
				COPY_PHASE_STRIP = NO;
				DEBUG_INFORMATION_FORMAT = "dwarf-with-dsym";
				ENABLE_NS_ASSERTIONS = NO;
				ENABLE_STRICT_OBJC_MSGSEND = YES;
				GCC_C_LANGUAGE_STANDARD = gnu11;
				GCC_NO_COMMON_BLOCKS = YES;
				GCC_WARN_64_TO_32_BIT_CONVERSION = YES;
				GCC_WARN_ABOUT_RETURN_TYPE = YES_ERROR;
				GCC_WARN_UNDECLARED_SELECTOR = YES;
				GCC_WARN_UNINITIALIZED_AUTOS = YES_AGGRESSIVE;
				GCC_WARN_UNUSED_FUNCTION = YES;
				GCC_WARN_UNUSED_VARIABLE = YES;
				IPHONEOS_DEPLOYMENT_TARGET = 11.4;
				MTL_ENABLE_DEBUG_INFO = NO;
				SDKROOT = iphoneos;
				SWIFT_COMPILATION_MODE = wholemodule;
				SWIFT_OPTIMIZATION_LEVEL = "-O";
				VALIDATE_PRODUCT = YES;
			};
			name = Release;
		};
		02640A7421027F1700343E87 /* Debug */ = {
			isa = XCBuildConfiguration;
			baseConfigurationReference = E67F3DA3C340294C07538C50 /* Pods-break-point.debug.xcconfig */;
			buildSettings = {
				ASSETCATALOG_COMPILER_APPICON_NAME = AppIcon;
				CODE_SIGN_STYLE = Automatic;
				DEVELOPMENT_TEAM = UU9MUH28RP;
				INFOPLIST_FILE = "break-point/Info.plist";
				LD_RUNPATH_SEARCH_PATHS = (
					"$(inherited)",
					"@executable_path/Frameworks",
				);
				PRODUCT_BUNDLE_IDENTIFIER = "com.gsbhoot.break-point";
				PRODUCT_NAME = "$(TARGET_NAME)";
				SWIFT_VERSION = 4.0;
				TARGETED_DEVICE_FAMILY = "1,2";
			};
			name = Debug;
		};
		02640A7521027F1700343E87 /* Release */ = {
			isa = XCBuildConfiguration;
			baseConfigurationReference = 87733A2AC4BA8BC5F6F7F586 /* Pods-break-point.release.xcconfig */;
			buildSettings = {
				ASSETCATALOG_COMPILER_APPICON_NAME = AppIcon;
				CODE_SIGN_STYLE = Automatic;
				DEVELOPMENT_TEAM = UU9MUH28RP;
				INFOPLIST_FILE = "break-point/Info.plist";
				LD_RUNPATH_SEARCH_PATHS = (
					"$(inherited)",
					"@executable_path/Frameworks",
				);
				PRODUCT_BUNDLE_IDENTIFIER = "com.gsbhoot.break-point";
				PRODUCT_NAME = "$(TARGET_NAME)";
				SWIFT_VERSION = 4.0;
				TARGETED_DEVICE_FAMILY = "1,2";
			};
			name = Release;
		};
/* End XCBuildConfiguration section */

/* Begin XCConfigurationList section */
		02640A5A21027F1500343E87 /* Build configuration list for PBXProject "break-point" */ = {
			isa = XCConfigurationList;
			buildConfigurations = (
				02640A7121027F1700343E87 /* Debug */,
				02640A7221027F1700343E87 /* Release */,
			);
			defaultConfigurationIsVisible = 0;
			defaultConfigurationName = Release;
		};
		02640A7321027F1700343E87 /* Build configuration list for PBXNativeTarget "break-point" */ = {
			isa = XCConfigurationList;
			buildConfigurations = (
				02640A7421027F1700343E87 /* Debug */,
				02640A7521027F1700343E87 /* Release */,
			);
			defaultConfigurationIsVisible = 0;
			defaultConfigurationName = Release;
		};
/* End XCConfigurationList section */
	};
	rootObject = 02640A5721027F1500343E87 /* Project object */;
}
