// !$*UTF8*$!
{
	archiveVersion = 1;
	classes = {
	};
	objectVersion = 50;
	objects = {

/* Begin PBXBuildFile section */
		023EA9CE21090C7A00AD2CD3 /* AppDelegate.swift in Sources */ = {isa = PBXBuildFile; fileRef = 023EA9CD21090C7A00AD2CD3 /* AppDelegate.swift */; };
		023EA9D021090C7A00AD2CD3 /* FeedVC.swift in Sources */ = {isa = PBXBuildFile; fileRef = 023EA9CF21090C7A00AD2CD3 /* FeedVC.swift */; };
		023EA9D221090C7A00AD2CD3 /* GroupsVC.swift in Sources */ = {isa = PBXBuildFile; fileRef = 023EA9D121090C7A00AD2CD3 /* GroupsVC.swift */; };
		023EA9D521090C7A00AD2CD3 /* Main.storyboard in Resources */ = {isa = PBXBuildFile; fileRef = 023EA9D321090C7A00AD2CD3 /* Main.storyboard */; };
		023EA9D721090C7D00AD2CD3 /* Assets.xcassets in Resources */ = {isa = PBXBuildFile; fileRef = 023EA9D621090C7D00AD2CD3 /* Assets.xcassets */; };
		023EA9DA21090C7D00AD2CD3 /* LaunchScreen.storyboard in Resources */ = {isa = PBXBuildFile; fileRef = 023EA9D821090C7D00AD2CD3 /* LaunchScreen.storyboard */; };
		023EA9E221091F6100AD2CD3 /* GoogleService-Info.plist in Resources */ = {isa = PBXBuildFile; fileRef = 023EA9E121091F6100AD2CD3 /* GoogleService-Info.plist */; };
		023EA9E72109245300AD2CD3 /* LoginVC.swift in Sources */ = {isa = PBXBuildFile; fileRef = 023EA9E62109245300AD2CD3 /* LoginVC.swift */; };
		023EA9E92109247600AD2CD3 /* MeVC.swift in Sources */ = {isa = PBXBuildFile; fileRef = 023EA9E82109247600AD2CD3 /* MeVC.swift */; };
		023EA9EC210924A600AD2CD3 /* Constants.swift in Sources */ = {isa = PBXBuildFile; fileRef = 023EA9EB210924A600AD2CD3 /* Constants.swift */; };
		023EA9EE210924DF00AD2CD3 /* LoginByEmailVC.swift in Sources */ = {isa = PBXBuildFile; fileRef = 023EA9ED210924DF00AD2CD3 /* LoginByEmailVC.swift */; };
		023EA9F02109299800AD2CD3 /* ShadowView.swift in Sources */ = {isa = PBXBuildFile; fileRef = 023EA9EF2109299800AD2CD3 /* ShadowView.swift */; };
		023EA9F221092F9B00AD2CD3 /* PaddedTextField.swift in Sources */ = {isa = PBXBuildFile; fileRef = 023EA9F121092F9B00AD2CD3 /* PaddedTextField.swift */; };
		023EA9F521093A3400AD2CD3 /* AuthService.swift in Sources */ = {isa = PBXBuildFile; fileRef = 023EA9F421093A3400AD2CD3 /* AuthService.swift */; };
		023EA9F721093BEA00AD2CD3 /* DatabaseService.swift in Sources */ = {isa = PBXBuildFile; fileRef = 023EA9F621093BEA00AD2CD3 /* DatabaseService.swift */; };
		023EA9F921093EA400AD2CD3 /* UserDataService.swift in Sources */ = {isa = PBXBuildFile; fileRef = 023EA9F821093EA400AD2CD3 /* UserDataService.swift */; };
		023EA9FB21093EAD00AD2CD3 /* MessageService.swift in Sources */ = {isa = PBXBuildFile; fileRef = 023EA9FA21093EAD00AD2CD3 /* MessageService.swift */; };
		023EA9FD210976FB00AD2CD3 /* User.swift in Sources */ = {isa = PBXBuildFile; fileRef = 023EA9FC210976FB00AD2CD3 /* User.swift */; };
		023EA9FF210977E300AD2CD3 /* Message.swift in Sources */ = {isa = PBXBuildFile; fileRef = 023EA9FE210977E300AD2CD3 /* Message.swift */; };
		023EAA012109784700AD2CD3 /* Group.swift in Sources */ = {isa = PBXBuildFile; fileRef = 023EAA002109784700AD2CD3 /* Group.swift */; };
		023EAA0321097FEE00AD2CD3 /* PostSomethingVC.swift in Sources */ = {isa = PBXBuildFile; fileRef = 023EAA0221097FEE00AD2CD3 /* PostSomethingVC.swift */; };
		023EAA06210986E900AD2CD3 /* UIViewExt.swift in Sources */ = {isa = PBXBuildFile; fileRef = 023EAA05210986E900AD2CD3 /* UIViewExt.swift */; };
		023EAA082109976D00AD2CD3 /* FeedCell.swift in Sources */ = {isa = PBXBuildFile; fileRef = 023EAA072109976D00AD2CD3 /* FeedCell.swift */; };
		6763A777914D49D727FB6FF2 /* Pods_gb_breaker.framework in Frameworks */ = {isa = PBXBuildFile; fileRef = 8A4B97548F7FFB28AC6FBEE3 /* Pods_gb_breaker.framework */; };
/* End PBXBuildFile section */

/* Begin PBXFileReference section */
		023EA9CA21090C7A00AD2CD3 /* gb-breaker.app */ = {isa = PBXFileReference; explicitFileType = wrapper.application; includeInIndex = 0; path = "gb-breaker.app"; sourceTree = BUILT_PRODUCTS_DIR; };
		023EA9CD21090C7A00AD2CD3 /* AppDelegate.swift */ = {isa = PBXFileReference; lastKnownFileType = sourcecode.swift; path = AppDelegate.swift; sourceTree = "<group>"; };
		023EA9CF21090C7A00AD2CD3 /* FeedVC.swift */ = {isa = PBXFileReference; lastKnownFileType = sourcecode.swift; path = FeedVC.swift; sourceTree = "<group>"; };
		023EA9D121090C7A00AD2CD3 /* GroupsVC.swift */ = {isa = PBXFileReference; lastKnownFileType = sourcecode.swift; path = GroupsVC.swift; sourceTree = "<group>"; };
		023EA9D421090C7A00AD2CD3 /* Base */ = {isa = PBXFileReference; lastKnownFileType = file.storyboard; name = Base; path = Base.lproj/Main.storyboard; sourceTree = "<group>"; };
		023EA9D621090C7D00AD2CD3 /* Assets.xcassets */ = {isa = PBXFileReference; lastKnownFileType = folder.assetcatalog; path = Assets.xcassets; sourceTree = "<group>"; };
		023EA9D921090C7D00AD2CD3 /* Base */ = {isa = PBXFileReference; lastKnownFileType = file.storyboard; name = Base; path = Base.lproj/LaunchScreen.storyboard; sourceTree = "<group>"; };
		023EA9DB21090C7D00AD2CD3 /* Info.plist */ = {isa = PBXFileReference; lastKnownFileType = text.plist.xml; path = Info.plist; sourceTree = "<group>"; };
		023EA9E121091F6100AD2CD3 /* GoogleService-Info.plist */ = {isa = PBXFileReference; fileEncoding = 4; lastKnownFileType = text.plist.xml; name = "GoogleService-Info.plist"; path = "../../GoogleService-Info.plist"; sourceTree = "<group>"; };
		023EA9E62109245300AD2CD3 /* LoginVC.swift */ = {isa = PBXFileReference; lastKnownFileType = sourcecode.swift; path = LoginVC.swift; sourceTree = "<group>"; };
		023EA9E82109247600AD2CD3 /* MeVC.swift */ = {isa = PBXFileReference; lastKnownFileType = sourcecode.swift; path = MeVC.swift; sourceTree = "<group>"; };
		023EA9EB210924A600AD2CD3 /* Constants.swift */ = {isa = PBXFileReference; lastKnownFileType = sourcecode.swift; path = Constants.swift; sourceTree = "<group>"; };
		023EA9ED210924DF00AD2CD3 /* LoginByEmailVC.swift */ = {isa = PBXFileReference; lastKnownFileType = sourcecode.swift; path = LoginByEmailVC.swift; sourceTree = "<group>"; };
		023EA9EF2109299800AD2CD3 /* ShadowView.swift */ = {isa = PBXFileReference; lastKnownFileType = sourcecode.swift; path = ShadowView.swift; sourceTree = "<group>"; };
		023EA9F121092F9B00AD2CD3 /* PaddedTextField.swift */ = {isa = PBXFileReference; lastKnownFileType = sourcecode.swift; path = PaddedTextField.swift; sourceTree = "<group>"; };
		023EA9F421093A3400AD2CD3 /* AuthService.swift */ = {isa = PBXFileReference; lastKnownFileType = sourcecode.swift; path = AuthService.swift; sourceTree = "<group>"; };
		023EA9F621093BEA00AD2CD3 /* DatabaseService.swift */ = {isa = PBXFileReference; lastKnownFileType = sourcecode.swift; path = DatabaseService.swift; sourceTree = "<group>"; };
		023EA9F821093EA400AD2CD3 /* UserDataService.swift */ = {isa = PBXFileReference; lastKnownFileType = sourcecode.swift; path = UserDataService.swift; sourceTree = "<group>"; };
		023EA9FA21093EAD00AD2CD3 /* MessageService.swift */ = {isa = PBXFileReference; lastKnownFileType = sourcecode.swift; path = MessageService.swift; sourceTree = "<group>"; };
		023EA9FC210976FB00AD2CD3 /* User.swift */ = {isa = PBXFileReference; lastKnownFileType = sourcecode.swift; path = User.swift; sourceTree = "<group>"; };
		023EA9FE210977E300AD2CD3 /* Message.swift */ = {isa = PBXFileReference; lastKnownFileType = sourcecode.swift; path = Message.swift; sourceTree = "<group>"; };
		023EAA002109784700AD2CD3 /* Group.swift */ = {isa = PBXFileReference; lastKnownFileType = sourcecode.swift; path = Group.swift; sourceTree = "<group>"; };
		023EAA0221097FEE00AD2CD3 /* PostSomethingVC.swift */ = {isa = PBXFileReference; lastKnownFileType = sourcecode.swift; path = PostSomethingVC.swift; sourceTree = "<group>"; };
		023EAA05210986E900AD2CD3 /* UIViewExt.swift */ = {isa = PBXFileReference; lastKnownFileType = sourcecode.swift; path = UIViewExt.swift; sourceTree = "<group>"; };
		023EAA072109976D00AD2CD3 /* FeedCell.swift */ = {isa = PBXFileReference; lastKnownFileType = sourcecode.swift; path = FeedCell.swift; sourceTree = "<group>"; };
		39E4B4A8653BFDD4864DDB75 /* Pods-gb-breaker.debug.xcconfig */ = {isa = PBXFileReference; includeInIndex = 1; lastKnownFileType = text.xcconfig; name = "Pods-gb-breaker.debug.xcconfig"; path = "Pods/Target Support Files/Pods-gb-breaker/Pods-gb-breaker.debug.xcconfig"; sourceTree = "<group>"; };
		6B772F18F1450F4B8FCDA6F5 /* Pods-gb-breaker.release.xcconfig */ = {isa = PBXFileReference; includeInIndex = 1; lastKnownFileType = text.xcconfig; name = "Pods-gb-breaker.release.xcconfig"; path = "Pods/Target Support Files/Pods-gb-breaker/Pods-gb-breaker.release.xcconfig"; sourceTree = "<group>"; };
		8A4B97548F7FFB28AC6FBEE3 /* Pods_gb_breaker.framework */ = {isa = PBXFileReference; explicitFileType = wrapper.framework; includeInIndex = 0; path = Pods_gb_breaker.framework; sourceTree = BUILT_PRODUCTS_DIR; };
/* End PBXFileReference section */

/* Begin PBXFrameworksBuildPhase section */
		023EA9C721090C7A00AD2CD3 /* Frameworks */ = {
			isa = PBXFrameworksBuildPhase;
			buildActionMask = 2147483647;
			files = (
				6763A777914D49D727FB6FF2 /* Pods_gb_breaker.framework in Frameworks */,
			);
			runOnlyForDeploymentPostprocessing = 0;
		};
/* End PBXFrameworksBuildPhase section */

/* Begin PBXGroup section */
		023EA9C121090C7A00AD2CD3 = {
			isa = PBXGroup;
			children = (
				023EA9CC21090C7A00AD2CD3 /* gb-breaker */,
				023EA9CB21090C7A00AD2CD3 /* Products */,
				317775172E298E0C7E0375E1 /* Pods */,
				37152A92B8BF58BB861B5F2F /* Frameworks */,
			);
			sourceTree = "<group>";
		};
		023EA9CB21090C7A00AD2CD3 /* Products */ = {
			isa = PBXGroup;
			children = (
				023EA9CA21090C7A00AD2CD3 /* gb-breaker.app */,
			);
			name = Products;
			sourceTree = "<group>";
		};
		023EA9CC21090C7A00AD2CD3 /* gb-breaker */ = {
			isa = PBXGroup;
			children = (
				023EAA04210986CF00AD2CD3 /* Extensions */,
				023EA9F321093A2500AD2CD3 /* Service */,
				023EA9EA2109249800AD2CD3 /* Utilities */,
				023EA9E521091F7300AD2CD3 /* Model */,
				023EA9E421091F6F00AD2CD3 /* View */,
				023EA9E321091F6B00AD2CD3 /* Controller */,
				023EA9CD21090C7A00AD2CD3 /* AppDelegate.swift */,
				023EA9D321090C7A00AD2CD3 /* Main.storyboard */,
				023EA9D621090C7D00AD2CD3 /* Assets.xcassets */,
				023EA9D821090C7D00AD2CD3 /* LaunchScreen.storyboard */,
				023EA9DB21090C7D00AD2CD3 /* Info.plist */,
				023EA9E121091F6100AD2CD3 /* GoogleService-Info.plist */,
			);
			path = "gb-breaker";
			sourceTree = "<group>";
		};
		023EA9E321091F6B00AD2CD3 /* Controller */ = {
			isa = PBXGroup;
			children = (
				023EA9E62109245300AD2CD3 /* LoginVC.swift */,
				023EA9ED210924DF00AD2CD3 /* LoginByEmailVC.swift */,
				023EA9CF21090C7A00AD2CD3 /* FeedVC.swift */,
				023EA9D121090C7A00AD2CD3 /* GroupsVC.swift */,
				023EA9E82109247600AD2CD3 /* MeVC.swift */,
				023EAA0221097FEE00AD2CD3 /* PostSomethingVC.swift */,
			);
			path = Controller;
			sourceTree = "<group>";
		};
		023EA9E421091F6F00AD2CD3 /* View */ = {
			isa = PBXGroup;
			children = (
				023EA9EF2109299800AD2CD3 /* ShadowView.swift */,
				023EA9F121092F9B00AD2CD3 /* PaddedTextField.swift */,
				023EAA072109976D00AD2CD3 /* FeedCell.swift */,
			);
			path = View;
			sourceTree = "<group>";
		};
		023EA9E521091F7300AD2CD3 /* Model */ = {
			isa = PBXGroup;
			children = (
				023EA9FC210976FB00AD2CD3 /* User.swift */,
				023EA9FE210977E300AD2CD3 /* Message.swift */,
				023EAA002109784700AD2CD3 /* Group.swift */,
			);
			path = Model;
			sourceTree = "<group>";
		};
		023EA9EA2109249800AD2CD3 /* Utilities */ = {
			isa = PBXGroup;
			children = (
				023EA9EB210924A600AD2CD3 /* Constants.swift */,
			);
			path = Utilities;
			sourceTree = "<group>";
		};
		023EA9F321093A2500AD2CD3 /* Service */ = {
			isa = PBXGroup;
			children = (
				023EA9F421093A3400AD2CD3 /* AuthService.swift */,
				023EA9F621093BEA00AD2CD3 /* DatabaseService.swift */,
				023EA9F821093EA400AD2CD3 /* UserDataService.swift */,
				023EA9FA21093EAD00AD2CD3 /* MessageService.swift */,
			);
			path = Service;
			sourceTree = "<group>";
		};
		023EAA04210986CF00AD2CD3 /* Extensions */ = {
			isa = PBXGroup;
			children = (
				023EAA05210986E900AD2CD3 /* UIViewExt.swift */,
			);
			path = Extensions;
			sourceTree = "<group>";
		};
		317775172E298E0C7E0375E1 /* Pods */ = {
			isa = PBXGroup;
			children = (
				39E4B4A8653BFDD4864DDB75 /* Pods-gb-breaker.debug.xcconfig */,
				6B772F18F1450F4B8FCDA6F5 /* Pods-gb-breaker.release.xcconfig */,
			);
			name = Pods;
			sourceTree = "<group>";
		};
		37152A92B8BF58BB861B5F2F /* Frameworks */ = {
			isa = PBXGroup;
			children = (
				8A4B97548F7FFB28AC6FBEE3 /* Pods_gb_breaker.framework */,
			);
			name = Frameworks;
			sourceTree = "<group>";
		};
/* End PBXGroup section */

/* Begin PBXNativeTarget section */
		023EA9C921090C7A00AD2CD3 /* gb-breaker */ = {
			isa = PBXNativeTarget;
			buildConfigurationList = 023EA9DE21090C7D00AD2CD3 /* Build configuration list for PBXNativeTarget "gb-breaker" */;
			buildPhases = (
				6E8EE479F44376E0BC87CE48 /* [CP] Check Pods Manifest.lock */,
				023EA9C621090C7A00AD2CD3 /* Sources */,
				023EA9C721090C7A00AD2CD3 /* Frameworks */,
				023EA9C821090C7A00AD2CD3 /* Resources */,
				341E0CD4C60FF8ADA1217C4B /* [CP] Embed Pods Frameworks */,
			);
			buildRules = (
			);
			dependencies = (
			);
			name = "gb-breaker";
			productName = "gb-breaker";
			productReference = 023EA9CA21090C7A00AD2CD3 /* gb-breaker.app */;
			productType = "com.apple.product-type.application";
		};
/* End PBXNativeTarget section */

/* Begin PBXProject section */
		023EA9C221090C7A00AD2CD3 /* Project object */ = {
			isa = PBXProject;
			attributes = {
				LastSwiftUpdateCheck = 0940;
				LastUpgradeCheck = 0940;
				ORGANIZATIONNAME = "Gurpal Bhoot";
				TargetAttributes = {
					023EA9C921090C7A00AD2CD3 = {
						CreatedOnToolsVersion = 9.4.1;
					};
				};
			};
			buildConfigurationList = 023EA9C521090C7A00AD2CD3 /* Build configuration list for PBXProject "gb-breaker" */;
			compatibilityVersion = "Xcode 9.3";
			developmentRegion = en;
			hasScannedForEncodings = 0;
			knownRegions = (
				en,
				Base,
			);
			mainGroup = 023EA9C121090C7A00AD2CD3;
			productRefGroup = 023EA9CB21090C7A00AD2CD3 /* Products */;
			projectDirPath = "";
			projectRoot = "";
			targets = (
				023EA9C921090C7A00AD2CD3 /* gb-breaker */,
			);
		};
/* End PBXProject section */

/* Begin PBXResourcesBuildPhase section */
		023EA9C821090C7A00AD2CD3 /* Resources */ = {
			isa = PBXResourcesBuildPhase;
			buildActionMask = 2147483647;
			files = (
				023EA9DA21090C7D00AD2CD3 /* LaunchScreen.storyboard in Resources */,
				023EA9E221091F6100AD2CD3 /* GoogleService-Info.plist in Resources */,
				023EA9D721090C7D00AD2CD3 /* Assets.xcassets in Resources */,
				023EA9D521090C7A00AD2CD3 /* Main.storyboard in Resources */,
			);
			runOnlyForDeploymentPostprocessing = 0;
		};
/* End PBXResourcesBuildPhase section */

/* Begin PBXShellScriptBuildPhase section */
		341E0CD4C60FF8ADA1217C4B /* [CP] Embed Pods Frameworks */ = {
			isa = PBXShellScriptBuildPhase;
			buildActionMask = 2147483647;
			files = (
			);
			inputPaths = (
				"${SRCROOT}/Pods/Target Support Files/Pods-gb-breaker/Pods-gb-breaker-frameworks.sh",
				"${BUILT_PRODUCTS_DIR}/GTMSessionFetcher/GTMSessionFetcher.framework",
				"${BUILT_PRODUCTS_DIR}/GoogleToolboxForMac/GoogleToolboxForMac.framework",
				"${BUILT_PRODUCTS_DIR}/leveldb-library/leveldb.framework",
				"${BUILT_PRODUCTS_DIR}/nanopb/nanopb.framework",
			);
			name = "[CP] Embed Pods Frameworks";
			outputPaths = (
				"${TARGET_BUILD_DIR}/${FRAMEWORKS_FOLDER_PATH}/GTMSessionFetcher.framework",
				"${TARGET_BUILD_DIR}/${FRAMEWORKS_FOLDER_PATH}/GoogleToolboxForMac.framework",
				"${TARGET_BUILD_DIR}/${FRAMEWORKS_FOLDER_PATH}/leveldb.framework",
				"${TARGET_BUILD_DIR}/${FRAMEWORKS_FOLDER_PATH}/nanopb.framework",
			);
			runOnlyForDeploymentPostprocessing = 0;
			shellPath = /bin/sh;
			shellScript = "\"${SRCROOT}/Pods/Target Support Files/Pods-gb-breaker/Pods-gb-breaker-frameworks.sh\"\n";
			showEnvVarsInLog = 0;
		};
		6E8EE479F44376E0BC87CE48 /* [CP] Check Pods Manifest.lock */ = {
			isa = PBXShellScriptBuildPhase;
			buildActionMask = 2147483647;
			files = (
			);
			inputPaths = (
				"${PODS_PODFILE_DIR_PATH}/Podfile.lock",
				"${PODS_ROOT}/Manifest.lock",
			);
			name = "[CP] Check Pods Manifest.lock";
			outputPaths = (
				"$(DERIVED_FILE_DIR)/Pods-gb-breaker-checkManifestLockResult.txt",
			);
			runOnlyForDeploymentPostprocessing = 0;
			shellPath = /bin/sh;
			shellScript = "diff \"${PODS_PODFILE_DIR_PATH}/Podfile.lock\" \"${PODS_ROOT}/Manifest.lock\" > /dev/null\nif [ $? != 0 ] ; then\n    # print error to STDERR\n    echo \"error: The sandbox is not in sync with the Podfile.lock. Run 'pod install' or update your CocoaPods installation.\" >&2\n    exit 1\nfi\n# This output is used by Xcode 'outputs' to avoid re-running this script phase.\necho \"SUCCESS\" > \"${SCRIPT_OUTPUT_FILE_0}\"\n";
			showEnvVarsInLog = 0;
		};
/* End PBXShellScriptBuildPhase section */

/* Begin PBXSourcesBuildPhase section */
		023EA9C621090C7A00AD2CD3 /* Sources */ = {
			isa = PBXSourcesBuildPhase;
			buildActionMask = 2147483647;
			files = (
				023EAA06210986E900AD2CD3 /* UIViewExt.swift in Sources */,
				023EA9EE210924DF00AD2CD3 /* LoginByEmailVC.swift in Sources */,
				023EA9FB21093EAD00AD2CD3 /* MessageService.swift in Sources */,
				023EA9E92109247600AD2CD3 /* MeVC.swift in Sources */,
				023EAA012109784700AD2CD3 /* Group.swift in Sources */,
				023EA9D221090C7A00AD2CD3 /* GroupsVC.swift in Sources */,
				023EA9F221092F9B00AD2CD3 /* PaddedTextField.swift in Sources */,
				023EA9CE21090C7A00AD2CD3 /* AppDelegate.swift in Sources */,
				023EA9FD210976FB00AD2CD3 /* User.swift in Sources */,
				023EA9F02109299800AD2CD3 /* ShadowView.swift in Sources */,
				023EAA0321097FEE00AD2CD3 /* PostSomethingVC.swift in Sources */,
				023EAA082109976D00AD2CD3 /* FeedCell.swift in Sources */,
				023EA9F921093EA400AD2CD3 /* UserDataService.swift in Sources */,
				023EA9E72109245300AD2CD3 /* LoginVC.swift in Sources */,
				023EA9F521093A3400AD2CD3 /* AuthService.swift in Sources */,
				023EA9D021090C7A00AD2CD3 /* FeedVC.swift in Sources */,
				023EA9FF210977E300AD2CD3 /* Message.swift in Sources */,
				023EA9EC210924A600AD2CD3 /* Constants.swift in Sources */,
				023EA9F721093BEA00AD2CD3 /* DatabaseService.swift in Sources */,
			);
			runOnlyForDeploymentPostprocessing = 0;
		};
/* End PBXSourcesBuildPhase section */

/* Begin PBXVariantGroup section */
		023EA9D321090C7A00AD2CD3 /* Main.storyboard */ = {
			isa = PBXVariantGroup;
			children = (
				023EA9D421090C7A00AD2CD3 /* Base */,
			);
			name = Main.storyboard;
			sourceTree = "<group>";
		};
		023EA9D821090C7D00AD2CD3 /* LaunchScreen.storyboard */ = {
			isa = PBXVariantGroup;
			children = (
				023EA9D921090C7D00AD2CD3 /* Base */,
			);
			name = LaunchScreen.storyboard;
			sourceTree = "<group>";
		};
/* End PBXVariantGroup section */

/* Begin XCBuildConfiguration section */
		023EA9DC21090C7D00AD2CD3 /* Debug */ = {
			isa = XCBuildConfiguration;
			buildSettings = {
				ALWAYS_SEARCH_USER_PATHS = NO;
				CLANG_ANALYZER_NONNULL = YES;
				CLANG_ANALYZER_NUMBER_OBJECT_CONVERSION = YES_AGGRESSIVE;
				CLANG_CXX_LANGUAGE_STANDARD = "gnu++14";
				CLANG_CXX_LIBRARY = "libc++";
				CLANG_ENABLE_MODULES = YES;
				CLANG_ENABLE_OBJC_ARC = YES;
				CLANG_ENABLE_OBJC_WEAK = YES;
				CLANG_WARN_BLOCK_CAPTURE_AUTORELEASING = YES;
				CLANG_WARN_BOOL_CONVERSION = YES;
				CLANG_WARN_COMMA = YES;
				CLANG_WARN_CONSTANT_CONVERSION = YES;
				CLANG_WARN_DEPRECATED_OBJC_IMPLEMENTATIONS = YES;
				CLANG_WARN_DIRECT_OBJC_ISA_USAGE = YES_ERROR;
				CLANG_WARN_DOCUMENTATION_COMMENTS = YES;
				CLANG_WARN_EMPTY_BODY = YES;
				CLANG_WARN_ENUM_CONVERSION = YES;
				CLANG_WARN_INFINITE_RECURSION = YES;
				CLANG_WARN_INT_CONVERSION = YES;
				CLANG_WARN_NON_LITERAL_NULL_CONVERSION = YES;
				CLANG_WARN_OBJC_IMPLICIT_RETAIN_SELF = YES;
				CLANG_WARN_OBJC_LITERAL_CONVERSION = YES;
				CLANG_WARN_OBJC_ROOT_CLASS = YES_ERROR;
				CLANG_WARN_RANGE_LOOP_ANALYSIS = YES;
				CLANG_WARN_STRICT_PROTOTYPES = YES;
				CLANG_WARN_SUSPICIOUS_MOVE = YES;
				CLANG_WARN_UNGUARDED_AVAILABILITY = YES_AGGRESSIVE;
				CLANG_WARN_UNREACHABLE_CODE = YES;
				CLANG_WARN__DUPLICATE_METHOD_MATCH = YES;
				CODE_SIGN_IDENTITY = "iPhone Developer";
				COPY_PHASE_STRIP = NO;
				DEBUG_INFORMATION_FORMAT = dwarf;
				ENABLE_STRICT_OBJC_MSGSEND = YES;
				ENABLE_TESTABILITY = YES;
				GCC_C_LANGUAGE_STANDARD = gnu11;
				GCC_DYNAMIC_NO_PIC = NO;
				GCC_NO_COMMON_BLOCKS = YES;
				GCC_OPTIMIZATION_LEVEL = 0;
				GCC_PREPROCESSOR_DEFINITIONS = (
					"DEBUG=1",
					"$(inherited)",
				);
				GCC_WARN_64_TO_32_BIT_CONVERSION = YES;
				GCC_WARN_ABOUT_RETURN_TYPE = YES_ERROR;
				GCC_WARN_UNDECLARED_SELECTOR = YES;
				GCC_WARN_UNINITIALIZED_AUTOS = YES_AGGRESSIVE;
				GCC_WARN_UNUSED_FUNCTION = YES;
				GCC_WARN_UNUSED_VARIABLE = YES;
				IPHONEOS_DEPLOYMENT_TARGET = 11.4;
				MTL_ENABLE_DEBUG_INFO = YES;
				ONLY_ACTIVE_ARCH = YES;
				SDKROOT = iphoneos;
				SWIFT_ACTIVE_COMPILATION_CONDITIONS = DEBUG;
				SWIFT_OPTIMIZATION_LEVEL = "-Onone";
			};
			name = Debug;
		};
		023EA9DD21090C7D00AD2CD3 /* Release */ = {
			isa = XCBuildConfiguration;
			buildSettings = {
				ALWAYS_SEARCH_USER_PATHS = NO;
				CLANG_ANALYZER_NONNULL = YES;
				CLANG_ANALYZER_NUMBER_OBJECT_CONVERSION = YES_AGGRESSIVE;
				CLANG_CXX_LANGUAGE_STANDARD = "gnu++14";
				CLANG_CXX_LIBRARY = "libc++";
				CLANG_ENABLE_MODULES = YES;
				CLANG_ENABLE_OBJC_ARC = YES;
				CLANG_ENABLE_OBJC_WEAK = YES;
				CLANG_WARN_BLOCK_CAPTURE_AUTORELEASING = YES;
				CLANG_WARN_BOOL_CONVERSION = YES;
				CLANG_WARN_COMMA = YES;
				CLANG_WARN_CONSTANT_CONVERSION = YES;
				CLANG_WARN_DEPRECATED_OBJC_IMPLEMENTATIONS = YES;
				CLANG_WARN_DIRECT_OBJC_ISA_USAGE = YES_ERROR;
				CLANG_WARN_DOCUMENTATION_COMMENTS = YES;
				CLANG_WARN_EMPTY_BODY = YES;
				CLANG_WARN_ENUM_CONVERSION = YES;
				CLANG_WARN_INFINITE_RECURSION = YES;
				CLANG_WARN_INT_CONVERSION = YES;
				CLANG_WARN_NON_LITERAL_NULL_CONVERSION = YES;
				CLANG_WARN_OBJC_IMPLICIT_RETAIN_SELF = YES;
				CLANG_WARN_OBJC_LITERAL_CONVERSION = YES;
				CLANG_WARN_OBJC_ROOT_CLASS = YES_ERROR;
				CLANG_WARN_RANGE_LOOP_ANALYSIS = YES;
				CLANG_WARN_STRICT_PROTOTYPES = YES;
				CLANG_WARN_SUSPICIOUS_MOVE = YES;
				CLANG_WARN_UNGUARDED_AVAILABILITY = YES_AGGRESSIVE;
				CLANG_WARN_UNREACHABLE_CODE = YES;
				CLANG_WARN__DUPLICATE_METHOD_MATCH = YES;
				CODE_SIGN_IDENTITY = "iPhone Developer";
				COPY_PHASE_STRIP = NO;
				DEBUG_INFORMATION_FORMAT = "dwarf-with-dsym";
				ENABLE_NS_ASSERTIONS = NO;
				ENABLE_STRICT_OBJC_MSGSEND = YES;
				GCC_C_LANGUAGE_STANDARD = gnu11;
				GCC_NO_COMMON_BLOCKS = YES;
				GCC_WARN_64_TO_32_BIT_CONVERSION = YES;
				GCC_WARN_ABOUT_RETURN_TYPE = YES_ERROR;
				GCC_WARN_UNDECLARED_SELECTOR = YES;
				GCC_WARN_UNINITIALIZED_AUTOS = YES_AGGRESSIVE;
				GCC_WARN_UNUSED_FUNCTION = YES;
				GCC_WARN_UNUSED_VARIABLE = YES;
				IPHONEOS_DEPLOYMENT_TARGET = 11.4;
				MTL_ENABLE_DEBUG_INFO = NO;
				SDKROOT = iphoneos;
				SWIFT_COMPILATION_MODE = wholemodule;
				SWIFT_OPTIMIZATION_LEVEL = "-O";
				VALIDATE_PRODUCT = YES;
			};
			name = Release;
		};
		023EA9DF21090C7D00AD2CD3 /* Debug */ = {
			isa = XCBuildConfiguration;
			baseConfigurationReference = 39E4B4A8653BFDD4864DDB75 /* Pods-gb-breaker.debug.xcconfig */;
			buildSettings = {
				ASSETCATALOG_COMPILER_APPICON_NAME = AppIcon;
				CODE_SIGN_STYLE = Automatic;
				DEVELOPMENT_TEAM = A4UZM6WXND;
				INFOPLIST_FILE = "gb-breaker/Info.plist";
				LD_RUNPATH_SEARCH_PATHS = (
					"$(inherited)",
					"@executable_path/Frameworks",
				);
				PRODUCT_BUNDLE_IDENTIFIER = "com.gsbhoot.breaker-point";
				PRODUCT_NAME = "$(TARGET_NAME)";
				SWIFT_VERSION = 4.0;
				TARGETED_DEVICE_FAMILY = "1,2";
			};
			name = Debug;
		};
		023EA9E021090C7D00AD2CD3 /* Release */ = {
			isa = XCBuildConfiguration;
			baseConfigurationReference = 6B772F18F1450F4B8FCDA6F5 /* Pods-gb-breaker.release.xcconfig */;
			buildSettings = {
				ASSETCATALOG_COMPILER_APPICON_NAME = AppIcon;
				CODE_SIGN_STYLE = Automatic;
				DEVELOPMENT_TEAM = A4UZM6WXND;
				INFOPLIST_FILE = "gb-breaker/Info.plist";
				LD_RUNPATH_SEARCH_PATHS = (
					"$(inherited)",
					"@executable_path/Frameworks",
				);
				PRODUCT_BUNDLE_IDENTIFIER = "com.gsbhoot.breaker-point";
				PRODUCT_NAME = "$(TARGET_NAME)";
				SWIFT_VERSION = 4.0;
				TARGETED_DEVICE_FAMILY = "1,2";
			};
			name = Release;
		};
/* End XCBuildConfiguration section */

/* Begin XCConfigurationList section */
		023EA9C521090C7A00AD2CD3 /* Build configuration list for PBXProject "gb-breaker" */ = {
			isa = XCConfigurationList;
			buildConfigurations = (
				023EA9DC21090C7D00AD2CD3 /* Debug */,
				023EA9DD21090C7D00AD2CD3 /* Release */,
			);
			defaultConfigurationIsVisible = 0;
			defaultConfigurationName = Release;
		};
		023EA9DE21090C7D00AD2CD3 /* Build configuration list for PBXNativeTarget "gb-breaker" */ = {
			isa = XCConfigurationList;
			buildConfigurations = (
				023EA9DF21090C7D00AD2CD3 /* Debug */,
				023EA9E021090C7D00AD2CD3 /* Release */,
			);
			defaultConfigurationIsVisible = 0;
			defaultConfigurationName = Release;
		};
/* End XCConfigurationList section */
	};
	rootObject = 023EA9C221090C7A00AD2CD3 /* Project object */;
}
